
Microsoft Visual Studio Solution File, Format Version 12.00
# Visual Studio Version 17
VisualStudioVersion = 17.0.31903.59
MinimumVisualStudioVersion = 10.0.40219.1
Project("{FAE04EC0-301F-11D3-BF4B-00C04F79EFBC}") = "PidController", "PidController\PidController.csproj", "{22C0632C-69CB-4127-B716-234CEB8B8D23}"
EndProject
Project("{FAE04EC0-301F-11D3-BF4B-00C04F79EFBC}") = "PidController.Tests", "PidController.Tests\PidController.Tests.csproj", "{9F0289F6-5381-42B8-B21D-66C632834258}"
EndProject
Global
	GlobalSection(SolutionConfigurationPlatforms) = preSolution
		Debug|Any CPU = Debug|Any CPU
		Release|Any CPU = Release|Any CPU
	EndGlobalSection
	GlobalSection(ProjectConfigurationPlatforms) = postSolution
		{22C0632C-69CB-4127-B716-234CEB8B8D23}.Debug|Any CPU.ActiveCfg = Debug|Any CPU
		{22C0632C-69CB-4127-B716-234CEB8B8D23}.Debug|Any CPU.Build.0 = Debug|Any CPU
		{22C0632C-69CB-4127-B716-234CEB8B8D23}.Release|Any CPU.ActiveCfg = Release|Any CPU
		{22C0632C-69CB-4127-B716-234CEB8B8D23}.Release|Any CPU.Build.0 = Release|Any CPU
		{9F0289F6-5381-42B8-B21D-66C632834258}.Debug|Any CPU.ActiveCfg = Debug|Any CPU
		{9F0289F6-5381-42B8-B21D-66C632834258}.Debug|Any CPU.Build.0 = Debug|Any CPU
		{9F0289F6-5381-42B8-B21D-66C632834258}.Release|Any CPU.ActiveCfg = Release|Any CPU
		{9F0289F6-5381-42B8-B21D-66C632834258}.Release|Any CPU.Build.0 = Release|Any CPU
	EndGlobalSection
	GlobalSection(SolutionProperties) = preSolution
		HideSolutionNode = FALSE
	EndGlobalSection
	GlobalSection(ExtensibilityGlobals) = postSolution
		SolutionGuid = {6B731619-6E9E-43B4-A52A-A0052112BE90}
	EndGlobalSection
EndGlobal
